# THIS IS AN AUTOGENERATED FILE. DO NOT EDIT THIS FILE DIRECTLY.
# yarn lockfile v1


"@vant/area-data@^1.1.1":
  version "1.1.1"
  resolved "https://registry.yarnpkg.com/@vant/area-data/-/area-data-1.1.1.tgz#b9acf8a804c0d60f721b6900680299422b006b1a"
  integrity sha512-MmXTuSh6YYWSvC112iK2/rZhEfe+3vfh6G9TD1sOTOrtw+H9bAnw8ZOiHdkL6hTUCXV+AJEDbFyFsNLpJxqkoA==

"@vant/weapp@^1.6.8":
  version "1.6.8"
  resolved "https://registry.yarnpkg.com/@vant/weapp/-/weapp-1.6.8.tgz#948ae16fba07c5a2054c52783f22aaf6a04453e1"
  integrity sha512-CvRgAZdGUtJKEnd2wmjw3oaRYXBq/YqerFTmf19cTd3G9+vRR67nSXPMUNQEoPPSm7LZo6gF6Xk/5pYx4Q4C0Q==

jsbn@^1.1.0:
  version "1.1.0"
  resolved "https://registry.yarnpkg.com/jsbn/-/jsbn-1.1.0.tgz#b01307cb29b618a1ed26ec79e911f803c4da0040"
  integrity sha1-sBMHyym2GKHtJux56RH4A8TaAEA=

miniprogram-sm-crypto@^0.3.0:
  version "0.3.0"
  resolved "https://registry.yarnpkg.com/miniprogram-sm-crypto/-/miniprogram-sm-crypto-0.3.0.tgz#04fde10337b481b1e90e4ea3fe5b6179997500a1"
  integrity sha512-/Bti7mCz2jSVkQreTAO2gWVk0lLWLKz6jy9hvhvxQKHn7t1x3KNt7xUeWlQ7reMh81oLXCFYbxw5ZY3LkbLJWw==
  dependencies:
    jsbn "^1.1.0"
